// !$*UTF8*$!
{
	archiveVersion = 1;
	classes = {
	};
	objectVersion = 56;
	objects = {

/* Begin PBXBuildFile section */
		8E1A44512A0C52B500A1CF7B /* Colors+Ext.swift in Sources */ = {isa = PBXBuildFile; fileRef = 8E1A44502A0C52B500A1CF7B /* Colors+Ext.swift */; };
		90B765C12A1C0F180014201B /* CustomSliderView.swift in Sources */ = {isa = PBXBuildFile; fileRef = 90B765C02A1C0F180014201B /* CustomSliderView.swift */; };
		BD248F882A05DDAD00A81CFC /* WhoopTriggerzDesignApp.swift in Sources */ = {isa = PBXBuildFile; fileRef = BD248F872A05DDAD00A81CFC /* WhoopTriggerzDesignApp.swift */; };
		BD248F8A2A05DDAD00A81CFC /* ContentView.swift in Sources */ = {isa = PBXBuildFile; fileRef = BD248F892A05DDAD00A81CFC /* ContentView.swift */; };
		BD248F8C2A05DDAE00A81CFC /* Assets.xcassets in Resources */ = {isa = PBXBuildFile; fileRef = BD248F8B2A05DDAE00A81CFC /* Assets.xcassets */; };
		BD248F8F2A05DDAE00A81CFC /* Preview Assets.xcassets in Resources */ = {isa = PBXBuildFile; fileRef = BD248F8E2A05DDAE00A81CFC /* Preview Assets.xcassets */; };
		BD248F9C2A0978C700A81CFC /* PastorButton.swift in Sources */ = {isa = PBXBuildFile; fileRef = BD248F9B2A0978C700A81CFC /* PastorButton.swift */; };
		BD248F9E2A0DC9D000A81CFC /* CustomIconButton.swift in Sources */ = {isa = PBXBuildFile; fileRef = BD248F9D2A0DC9D000A81CFC /* CustomIconButton.swift */; };
		BD248FA02A0DF6EE00A81CFC /* CustomStepperButton.swift in Sources */ = {isa = PBXBuildFile; fileRef = BD248F9F2A0DF6EE00A81CFC /* CustomStepperButton.swift */; };
		BD248FA22A15B20E00A81CFC /* CustomTextButton.swift in Sources */ = {isa = PBXBuildFile; fileRef = BD248FA12A15B20E00A81CFC /* CustomTextButton.swift */; };
/* End PBXBuildFile section */

/* Begin PBXFileReference section */
		8E1A44502A0C52B500A1CF7B /* Colors+Ext.swift */ = {isa = PBXFileReference; lastKnownFileType = sourcecode.swift; path = "Colors+Ext.swift"; sourceTree = "<group>"; };
		8E1A44522A0C6D3A00A1CF7B /* Info.plist */ = {isa = PBXFileReference; lastKnownFileType = text.plist; path = Info.plist; sourceTree = "<group>"; };
		90B765C02A1C0F180014201B /* CustomSliderView.swift */ = {isa = PBXFileReference; lastKnownFileType = sourcecode.swift; path = CustomSliderView.swift; sourceTree = "<group>"; };
		BD248F842A05DDAD00A81CFC /* WhoopTriggerzDesign.app */ = {isa = PBXFileReference; explicitFileType = wrapper.application; includeInIndex = 0; path = WhoopTriggerzDesign.app; sourceTree = BUILT_PRODUCTS_DIR; };
		BD248F872A05DDAD00A81CFC /* WhoopTriggerzDesignApp.swift */ = {isa = PBXFileReference; lastKnownFileType = sourcecode.swift; path = WhoopTriggerzDesignApp.swift; sourceTree = "<group>"; };
		BD248F892A05DDAD00A81CFC /* ContentView.swift */ = {isa = PBXFileReference; lastKnownFileType = sourcecode.swift; path = ContentView.swift; sourceTree = "<group>"; };
		BD248F8B2A05DDAE00A81CFC /* Assets.xcassets */ = {isa = PBXFileReference; lastKnownFileType = folder.assetcatalog; path = Assets.xcassets; sourceTree = "<group>"; };
		BD248F8E2A05DDAE00A81CFC /* Preview Assets.xcassets */ = {isa = PBXFileReference; lastKnownFileType = folder.assetcatalog; path = "Preview Assets.xcassets"; sourceTree = "<group>"; };
		BD248F9B2A0978C700A81CFC /* PastorButton.swift */ = {isa = PBXFileReference; lastKnownFileType = sourcecode.swift; path = PastorButton.swift; sourceTree = "<group>"; };
		BD248F9D2A0DC9D000A81CFC /* CustomIconButton.swift */ = {isa = PBXFileReference; lastKnownFileType = sourcecode.swift; path = CustomIconButton.swift; sourceTree = "<group>"; };
		BD248F9F2A0DF6EE00A81CFC /* CustomStepperButton.swift */ = {isa = PBXFileReference; lastKnownFileType = sourcecode.swift; path = CustomStepperButton.swift; sourceTree = "<group>"; };
		BD248FA12A15B20E00A81CFC /* CustomTextButton.swift */ = {isa = PBXFileReference; lastKnownFileType = sourcecode.swift; path = CustomTextButton.swift; sourceTree = "<group>"; };
/* End PBXFileReference section */

/* Begin PBXFrameworksBuildPhase section */
		BD248F812A05DDAD00A81CFC /* Frameworks */ = {
			isa = PBXFrameworksBuildPhase;
			buildActionMask = 2147483647;
			files = (
			);
			runOnlyForDeploymentPostprocessing = 0;
		};
/* End PBXFrameworksBuildPhase section */

/* Begin PBXGroup section */
		8E367C0E2A0B2C1C00097AB3 /* Utilities */ = {
			isa = PBXGroup;
			children = (
				8E1A44502A0C52B500A1CF7B /* Colors+Ext.swift */,
			);
			path = Utilities;
			sourceTree = "<group>";
		};
		8E367C102A0B2C3800097AB3 /* CustomViews */ = {
			isa = PBXGroup;
			children = (
				90B765C02A1C0F180014201B /* CustomSliderView.swift */,
			);
			path = CustomViews;
			sourceTree = "<group>";
		};
		BD248F7B2A05DDAD00A81CFC = {
			isa = PBXGroup;
			children = (
				BD248F862A05DDAD00A81CFC /* WhoopTriggerzDesign */,
				BD248F852A05DDAD00A81CFC /* Products */,
			);
			sourceTree = "<group>";
		};
		BD248F852A05DDAD00A81CFC /* Products */ = {
			isa = PBXGroup;
			children = (
				BD248F842A05DDAD00A81CFC /* WhoopTriggerzDesign.app */,
			);
			name = Products;
			sourceTree = "<group>";
		};
		BD248F862A05DDAD00A81CFC /* WhoopTriggerzDesign */ = {
			isa = PBXGroup;
			children = (
				8E1A44522A0C6D3A00A1CF7B /* Info.plist */,
				8E367C0E2A0B2C1C00097AB3 /* Utilities */,
				8E367C102A0B2C3800097AB3 /* CustomViews */,
				BD248F872A05DDAD00A81CFC /* WhoopTriggerzDesignApp.swift */,
				BD248F892A05DDAD00A81CFC /* ContentView.swift */,
				BD248F8B2A05DDAE00A81CFC /* Assets.xcassets */,
				BD248F8D2A05DDAE00A81CFC /* Preview Content */,
				BD248F9B2A0978C700A81CFC /* PastorButton.swift */,
				BD248F9D2A0DC9D000A81CFC /* CustomIconButton.swift */,
				BD248F9F2A0DF6EE00A81CFC /* CustomStepperButton.swift */,
				BD248FA12A15B20E00A81CFC /* CustomTextButton.swift */,
			);
			path = WhoopTriggerzDesign;
			sourceTree = "<group>";
		};
		BD248F8D2A05DDAE00A81CFC /* Preview Content */ = {
			isa = PBXGroup;
			children = (
				BD248F8E2A05DDAE00A81CFC /* Preview Assets.xcassets */,
			);
			path = "Preview Content";
			sourceTree = "<group>";
		};
/* End PBXGroup section */

/* Begin PBXNativeTarget section */
		BD248F832A05DDAD00A81CFC /* WhoopTriggerzDesign */ = {
			isa = PBXNativeTarget;
			buildConfigurationList = BD248F922A05DDAE00A81CFC /* Build configuration list for PBXNativeTarget "WhoopTriggerzDesign" */;
			buildPhases = (
				BD248F802A05DDAD00A81CFC /* Sources */,
				BD248F812A05DDAD00A81CFC /* Frameworks */,
				BD248F822A05DDAD00A81CFC /* Resources */,
			);
			buildRules = (
			);
			dependencies = (
			);
			name = WhoopTriggerzDesign;
			productName = WhoopTriggerzDesign;
			productReference = BD248F842A05DDAD00A81CFC /* WhoopTriggerzDesign.app */;
			productType = "com.apple.product-type.application";
		};
/* End PBXNativeTarget section */

/* Begin PBXProject section */
		BD248F7C2A05DDAD00A81CFC /* Project object */ = {
			isa = PBXProject;
			attributes = {
				BuildIndependentTargetsInParallel = 1;
				LastSwiftUpdateCheck = 1430;
				LastUpgradeCheck = 1430;
				TargetAttributes = {
					BD248F832A05DDAD00A81CFC = {
						CreatedOnToolsVersion = 14.3;
					};
				};
			};
			buildConfigurationList = BD248F7F2A05DDAD00A81CFC /* Build configuration list for PBXProject "WhoopTriggerzDesign" */;
			compatibilityVersion = "Xcode 14.0";
			developmentRegion = en;
			hasScannedForEncodings = 0;
			knownRegions = (
				en,
				Base,
			);
			mainGroup = BD248F7B2A05DDAD00A81CFC;
			productRefGroup = BD248F852A05DDAD00A81CFC /* Products */;
			projectDirPath = "";
			projectRoot = "";
			targets = (
				BD248F832A05DDAD00A81CFC /* WhoopTriggerzDesign */,
			);
		};
/* End PBXProject section */

/* Begin PBXResourcesBuildPhase section */
		BD248F822A05DDAD00A81CFC /* Resources */ = {
			isa = PBXResourcesBuildPhase;
			buildActionMask = 2147483647;
			files = (
				BD248F8F2A05DDAE00A81CFC /* Preview Assets.xcassets in Resources */,
				BD248F8C2A05DDAE00A81CFC /* Assets.xcassets in Resources */,
			);
			runOnlyForDeploymentPostprocessing = 0;
		};
/* End PBXResourcesBuildPhase section */

/* Begin PBXSourcesBuildPhase section */
		BD248F802A05DDAD00A81CFC /* Sources */ = {
			isa = PBXSourcesBuildPhase;
			buildActionMask = 2147483647;
			files = (
				8E1A44512A0C52B500A1CF7B /* Colors+Ext.swift in Sources */,
				BD248F8A2A05DDAD00A81CFC /* ContentView.swift in Sources */,
				BD248FA22A15B20E00A81CFC /* CustomTextButton.swift in Sources */,
				BD248F9E2A0DC9D000A81CFC /* CustomIconButton.swift in Sources */,
				BD248F9C2A0978C700A81CFC /* PastorButton.swift in Sources */,
				BD248F882A05DDAD00A81CFC /* WhoopTriggerzDesignApp.swift in Sources */,
				90B765C12A1C0F180014201B /* CustomSliderView.swift in Sources */,
				BD248FA02A0DF6EE00A81CFC /* CustomStepperButton.swift in Sources */,
			);
			runOnlyForDeploymentPostprocessing = 0;
		};
/* End PBXSourcesBuildPhase section */

/* Begin XCBuildConfiguration section */
		BD248F902A05DDAE00A81CFC /* Debug */ = {
			isa = XCBuildConfiguration;
			buildSettings = {
				ALWAYS_SEARCH_USER_PATHS = NO;
				CLANG_ANALYZER_NONNULL = YES;
				CLANG_ANALYZER_NUMBER_OBJECT_CONVERSION = YES_AGGRESSIVE;
				CLANG_CXX_LANGUAGE_STANDARD = "gnu++20";
				CLANG_ENABLE_MODULES = YES;
				CLANG_ENABLE_OBJC_ARC = YES;
				CLANG_ENABLE_OBJC_WEAK = YES;
				CLANG_WARN_BLOCK_CAPTURE_AUTORELEASING = YES;
				CLANG_WARN_BOOL_CONVERSION = YES;
				CLANG_WARN_COMMA = YES;
				CLANG_WARN_CONSTANT_CONVERSION = YES;
				CLANG_WARN_DEPRECATED_OBJC_IMPLEMENTATIONS = YES;
				CLANG_WARN_DIRECT_OBJC_ISA_USAGE = YES_ERROR;
				CLANG_WARN_DOCUMENTATION_COMMENTS = YES;
				CLANG_WARN_EMPTY_BODY = YES;
				CLANG_WARN_ENUM_CONVERSION = YES;
				CLANG_WARN_INFINITE_RECURSION = YES;
				CLANG_WARN_INT_CONVERSION = YES;
				CLANG_WARN_NON_LITERAL_NULL_CONVERSION = YES;
				CLANG_WARN_OBJC_IMPLICIT_RETAIN_SELF = YES;
				CLANG_WARN_OBJC_LITERAL_CONVERSION = YES;
				CLANG_WARN_OBJC_ROOT_CLASS = YES_ERROR;
				CLANG_WARN_QUOTED_INCLUDE_IN_FRAMEWORK_HEADER = YES;
				CLANG_WARN_RANGE_LOOP_ANALYSIS = YES;
				CLANG_WARN_STRICT_PROTOTYPES = YES;
				CLANG_WARN_SUSPICIOUS_MOVE = YES;
				CLANG_WARN_UNGUARDED_AVAILABILITY = YES_AGGRESSIVE;
				CLANG_WARN_UNREACHABLE_CODE = YES;
				CLANG_WARN__DUPLICATE_METHOD_MATCH = YES;
				COPY_PHASE_STRIP = NO;
				DEBUG_INFORMATION_FORMAT = dwarf;
				ENABLE_STRICT_OBJC_MSGSEND = YES;
				ENABLE_TESTABILITY = YES;
				GCC_C_LANGUAGE_STANDARD = gnu11;
				GCC_DYNAMIC_NO_PIC = NO;
				GCC_NO_COMMON_BLOCKS = YES;
				GCC_OPTIMIZATION_LEVEL = 0;
				GCC_PREPROCESSOR_DEFINITIONS = (
					"DEBUG=1",
					"$(inherited)",
				);
				GCC_WARN_64_TO_32_BIT_CONVERSION = YES;
				GCC_WARN_ABOUT_RETURN_TYPE = YES_ERROR;
				GCC_WARN_UNDECLARED_SELECTOR = YES;
				GCC_WARN_UNINITIALIZED_AUTOS = YES_AGGRESSIVE;
				GCC_WARN_UNUSED_FUNCTION = YES;
				GCC_WARN_UNUSED_VARIABLE = YES;
				IPHONEOS_DEPLOYMENT_TARGET = 14.0;
				MTL_ENABLE_DEBUG_INFO = INCLUDE_SOURCE;
				MTL_FAST_MATH = YES;
				ONLY_ACTIVE_ARCH = YES;
				SDKROOT = iphoneos;
				SWIFT_ACTIVE_COMPILATION_CONDITIONS = DEBUG;
				SWIFT_OPTIMIZATION_LEVEL = "-Onone";
			};
			name = Debug;
		};
		BD248F912A05DDAE00A81CFC /* Release */ = {
			isa = XCBuildConfiguration;
			buildSettings = {
				ALWAYS_SEARCH_USER_PATHS = NO;
				CLANG_ANALYZER_NONNULL = YES;
				CLANG_ANALYZER_NUMBER_OBJECT_CONVERSION = YES_AGGRESSIVE;
				CLANG_CXX_LANGUAGE_STANDARD = "gnu++20";
				CLANG_ENABLE_MODULES = YES;
				CLANG_ENABLE_OBJC_ARC = YES;
				CLANG_ENABLE_OBJC_WEAK = YES;
				CLANG_WARN_BLOCK_CAPTURE_AUTORELEASING = YES;
				CLANG_WARN_BOOL_CONVERSION = YES;
				CLANG_WARN_COMMA = YES;
				CLANG_WARN_CONSTANT_CONVERSION = YES;
				CLANG_WARN_DEPRECATED_OBJC_IMPLEMENTATIONS = YES;
				CLANG_WARN_DIRECT_OBJC_ISA_USAGE = YES_ERROR;
				CLANG_WARN_DOCUMENTATION_COMMENTS = YES;
				CLANG_WARN_EMPTY_BODY = YES;
				CLANG_WARN_ENUM_CONVERSION = YES;
				CLANG_WARN_INFINITE_RECURSION = YES;
				CLANG_WARN_INT_CONVERSION = YES;
				CLANG_WARN_NON_LITERAL_NULL_CONVERSION = YES;
				CLANG_WARN_OBJC_IMPLICIT_RETAIN_SELF = YES;
				CLANG_WARN_OBJC_LITERAL_CONVERSION = YES;
				CLANG_WARN_OBJC_ROOT_CLASS = YES_ERROR;
				CLANG_WARN_QUOTED_INCLUDE_IN_FRAMEWORK_HEADER = YES;
				CLANG_WARN_RANGE_LOOP_ANALYSIS = YES;
				CLANG_WARN_STRICT_PROTOTYPES = YES;
				CLANG_WARN_SUSPICIOUS_MOVE = YES;
				CLANG_WARN_UNGUARDED_AVAILABILITY = YES_AGGRESSIVE;
				CLANG_WARN_UNREACHABLE_CODE = YES;
				CLANG_WARN__DUPLICATE_METHOD_MATCH = YES;
				COPY_PHASE_STRIP = NO;
				DEBUG_INFORMATION_FORMAT = "dwarf-with-dsym";
				ENABLE_NS_ASSERTIONS = NO;
				ENABLE_STRICT_OBJC_MSGSEND = YES;
				GCC_C_LANGUAGE_STANDARD = gnu11;
				GCC_NO_COMMON_BLOCKS = YES;
				GCC_WARN_64_TO_32_BIT_CONVERSION = YES;
				GCC_WARN_ABOUT_RETURN_TYPE = YES_ERROR;
				GCC_WARN_UNDECLARED_SELECTOR = YES;
				GCC_WARN_UNINITIALIZED_AUTOS = YES_AGGRESSIVE;
				GCC_WARN_UNUSED_FUNCTION = YES;
				GCC_WARN_UNUSED_VARIABLE = YES;
				IPHONEOS_DEPLOYMENT_TARGET = 14.0;
				MTL_ENABLE_DEBUG_INFO = NO;
				MTL_FAST_MATH = YES;
				SDKROOT = iphoneos;
				SWIFT_COMPILATION_MODE = wholemodule;
				SWIFT_OPTIMIZATION_LEVEL = "-O";
				VALIDATE_PRODUCT = YES;
			};
			name = Release;
		};
		BD248F932A05DDAE00A81CFC /* Debug */ = {
			isa = XCBuildConfiguration;
			buildSettings = {
				ASSETCATALOG_COMPILER_APPICON_NAME = AppIcon;
				ASSETCATALOG_COMPILER_GLOBAL_ACCENT_COLOR_NAME = AccentColor;
				CODE_SIGN_STYLE = Automatic;
				CURRENT_PROJECT_VERSION = 1;
				DEVELOPMENT_ASSET_PATHS = "\"WhoopTriggerzDesign/Preview Content\"";
				DEVELOPMENT_TEAM = 8C93KVSWF7;
				ENABLE_PREVIEWS = YES;
				GENERATE_INFOPLIST_FILE = YES;
				INFOPLIST_FILE = WhoopTriggerzDesign/Info.plist;
				INFOPLIST_KEY_UIApplicationSceneManifest_Generation = YES;
				INFOPLIST_KEY_UIApplicationSupportsIndirectInputEvents = YES;
				INFOPLIST_KEY_UILaunchScreen_Generation = YES;
				INFOPLIST_KEY_UISupportedInterfaceOrientations_iPad = "UIInterfaceOrientationPortrait UIInterfaceOrientationPortraitUpsideDown UIInterfaceOrientationLandscapeLeft UIInterfaceOrientationLandscapeRight";
				INFOPLIST_KEY_UISupportedInterfaceOrientations_iPhone = "UIInterfaceOrientationPortrait UIInterfaceOrientationLandscapeLeft UIInterfaceOrientationLandscapeRight";
				LD_RUNPATH_SEARCH_PATHS = (
					"$(inherited)",
					"@executable_path/Frameworks",
				);
				MARKETING_VERSION = 1.0;
				PRODUCT_BUNDLE_IDENTIFIER = com.sample.WhoopTriggerzDesign;
				PRODUCT_NAME = "$(TARGET_NAME)";
				SWIFT_EMIT_LOC_STRINGS = YES;
				SWIFT_VERSION = 5.0;
				TARGETED_DEVICE_FAMILY = "1,2";
			};
			name = Debug;
		};
		BD248F942A05DDAE00A81CFC /* Release */ = {
			isa = XCBuildConfiguration;
			buildSettings = {
				ASSETCATALOG_COMPILER_APPICON_NAME = AppIcon;
				ASSETCATALOG_COMPILER_GLOBAL_ACCENT_COLOR_NAME = AccentColor;
				CODE_SIGN_STYLE = Automatic;
				CURRENT_PROJECT_VERSION = 1;
				DEVELOPMENT_ASSET_PATHS = "\"WhoopTriggerzDesign/Preview Content\"";
				DEVELOPMENT_TEAM = 8C93KVSWF7;
				ENABLE_PREVIEWS = YES;
				GENERATE_INFOPLIST_FILE = YES;
				INFOPLIST_FILE = WhoopTriggerzDesign/Info.plist;
				INFOPLIST_KEY_UIApplicationSceneManifest_Generation = YES;
				INFOPLIST_KEY_UIApplicationSupportsIndirectInputEvents = YES;
				INFOPLIST_KEY_UILaunchScreen_Generation = YES;
				INFOPLIST_KEY_UISupportedInterfaceOrientations_iPad = "UIInterfaceOrientationPortrait UIInterfaceOrientationPortraitUpsideDown UIInterfaceOrientationLandscapeLeft UIInterfaceOrientationLandscapeRight";
				INFOPLIST_KEY_UISupportedInterfaceOrientations_iPhone = "UIInterfaceOrientationPortrait UIInterfaceOrientationLandscapeLeft UIInterfaceOrientationLandscapeRight";
				LD_RUNPATH_SEARCH_PATHS = (
					"$(inherited)",
					"@executable_path/Frameworks",
				);
				MARKETING_VERSION = 1.0;
				PRODUCT_BUNDLE_IDENTIFIER = com.sample.WhoopTriggerzDesign;
				PRODUCT_NAME = "$(TARGET_NAME)";
				SWIFT_EMIT_LOC_STRINGS = YES;
				SWIFT_VERSION = 5.0;
				TARGETED_DEVICE_FAMILY = "1,2";
			};
			name = Release;
		};
/* End XCBuildConfiguration section */

/* Begin XCConfigurationList section */
		BD248F7F2A05DDAD00A81CFC /* Build configuration list for PBXProject "WhoopTriggerzDesign" */ = {
			isa = XCConfigurationList;
			buildConfigurations = (
				BD248F902A05DDAE00A81CFC /* Debug */,
				BD248F912A05DDAE00A81CFC /* Release */,
			);
			defaultConfigurationIsVisible = 0;
			defaultConfigurationName = Release;
		};
		BD248F922A05DDAE00A81CFC /* Build configuration list for PBXNativeTarget "WhoopTriggerzDesign" */ = {
			isa = XCConfigurationList;
			buildConfigurations = (
				BD248F932A05DDAE00A81CFC /* Debug */,
				BD248F942A05DDAE00A81CFC /* Release */,
			);
			defaultConfigurationIsVisible = 0;
			defaultConfigurationName = Release;
		};
/* End XCConfigurationList section */
	};
	rootObject = BD248F7C2A05DDAD00A81CFC /* Project object */;
}
